
Microsoft Visual Studio Solution File, Format Version 12.00
# Visual Studio Version 16
VisualStudioVersion = 16.0.30320.27
MinimumVisualStudioVersion = 10.0.40219.1
Project("{00D1A9C2-B5F0-4AF3-8072-F6C62B433612}") = "DB_BibliLivre", "DB_BibliLivre\DB_BibliLivre.sqlproj", "{58909889-027A-4F26-98BB-622C85530664}"
EndProject
Project("{9A19103F-16F7-4668-BE54-9A1E7A4F7556}") = "BibliLivre.MVC", "BibliLivre.MVC\BibliLivre.MVC.csproj", "{010D9C20-5F50-4E80-93CC-D4F569F5ACDB}"
EndProject
Project("{2150E333-8FDC-42A3-9474-1A3956D46DE8}") = "BibliLivre.Database", "BibliLivre.Database", "{F55E6577-4D53-422B-8EAF-3CA0400970EB}"
EndProject
Project("{2150E333-8FDC-42A3-9474-1A3956D46DE8}") = "BibliLivre.API", "BibliLivre.API", "{D66A43E9-D642-441F-B5D6-A13773DA88FF}"
EndProject
Project("{9A19103F-16F7-4668-BE54-9A1E7A4F7556}") = "BibliLibre.API", "BibliLibre.API\BibliLibre.API.csproj", "{8D5C634E-44B9-4858-812C-BFD78F584F1A}"
EndProject
Project("{2150E333-8FDC-42A3-9474-1A3956D46DE8}") = "BibliLivre.MVC", "BibliLivre.MVC", "{CABADEA3-9901-4D3B-9911-03EC75F7A977}"
EndProject
Project("{2150E333-8FDC-42A3-9474-1A3956D46DE8}") = "Tools", "Tools", "{156EE85C-FBA7-4868-8DBA-C3148270E6AE}"
EndProject
Project("{2150E333-8FDC-42A3-9474-1A3956D46DE8}") = "Database", "Database", "{C1BB07B4-B439-4685-8BF0-474F8588C4D2}"
EndProject
Project("{9A19103F-16F7-4668-BE54-9A1E7A4F7556}") = "Toolbox_Generic", "..\..\..\..\Toolbox\Toolbox_Generic\Toolbox_Generic.csproj", "{6AAD0193-7EBF-4C74-AD15-49941F1D8718}"
EndProject
Project("{2150E333-8FDC-42A3-9474-1A3956D46DE8}") = "Models.API", "Models.API", "{F5B2BCCD-6BF1-4EDE-B96A-AA738A8DE188}"
EndProject
Project("{2150E333-8FDC-42A3-9474-1A3956D46DE8}") = "Interfaces", "Interfaces", "{6AD2A5C6-F0B3-4A15-9B84-71F6155B7F4F}"
EndProject
Project("{9A19103F-16F7-4668-BE54-9A1E7A4F7556}") = "Models.API.Interfaces", "Models.API.Interfaces\Models.API.Interfaces.csproj", "{7ECC41E0-5EED-4DA2-9050-A54C697F050C}"
EndProject
Project("{2150E333-8FDC-42A3-9474-1A3956D46DE8}") = "Global", "Global", "{62B2CC70-77A5-48ED-81B0-26DB9319B99A}"
EndProject
Project("{2150E333-8FDC-42A3-9474-1A3956D46DE8}") = "Entities", "Entities", "{DEFED952-F2BE-4CD8-9AB4-CFEF3EBF3970}"
EndProject
Project("{9A19103F-16F7-4668-BE54-9A1E7A4F7556}") = "Models.API.Global.Entities", "Models.API.Global.Entities\Models.API.Global.Entities.csproj", "{12EDCE4E-0BBD-4335-B00F-B03453F6F9D9}"
EndProject
Project("{2150E333-8FDC-42A3-9474-1A3956D46DE8}") = "Services", "Services", "{16EC9D40-087D-457F-8D16-1CC693F74019}"
EndProject
Project("{9A19103F-16F7-4668-BE54-9A1E7A4F7556}") = "Models.API.Global.Services", "Models.API.Global.Services\Models.API.Global.Services.csproj", "{840C9449-B09B-45D0-99FB-267A04C817CD}"
EndProject
Global
	GlobalSection(SolutionConfigurationPlatforms) = preSolution
		Debug|Any CPU = Debug|Any CPU
		Release|Any CPU = Release|Any CPU
	EndGlobalSection
	GlobalSection(ProjectConfigurationPlatforms) = postSolution
		{58909889-027A-4F26-98BB-622C85530664}.Debug|Any CPU.ActiveCfg = Debug|Any CPU
		{58909889-027A-4F26-98BB-622C85530664}.Debug|Any CPU.Build.0 = Debug|Any CPU
		{58909889-027A-4F26-98BB-622C85530664}.Debug|Any CPU.Deploy.0 = Debug|Any CPU
		{58909889-027A-4F26-98BB-622C85530664}.Release|Any CPU.ActiveCfg = Release|Any CPU
		{58909889-027A-4F26-98BB-622C85530664}.Release|Any CPU.Build.0 = Release|Any CPU
		{58909889-027A-4F26-98BB-622C85530664}.Release|Any CPU.Deploy.0 = Release|Any CPU
		{010D9C20-5F50-4E80-93CC-D4F569F5ACDB}.Debug|Any CPU.ActiveCfg = Debug|Any CPU
		{010D9C20-5F50-4E80-93CC-D4F569F5ACDB}.Debug|Any CPU.Build.0 = Debug|Any CPU
		{010D9C20-5F50-4E80-93CC-D4F569F5ACDB}.Release|Any CPU.ActiveCfg = Release|Any CPU
		{010D9C20-5F50-4E80-93CC-D4F569F5ACDB}.Release|Any CPU.Build.0 = Release|Any CPU
		{8D5C634E-44B9-4858-812C-BFD78F584F1A}.Debug|Any CPU.ActiveCfg = Debug|Any CPU
		{8D5C634E-44B9-4858-812C-BFD78F584F1A}.Debug|Any CPU.Build.0 = Debug|Any CPU
		{8D5C634E-44B9-4858-812C-BFD78F584F1A}.Release|Any CPU.ActiveCfg = Release|Any CPU
		{8D5C634E-44B9-4858-812C-BFD78F584F1A}.Release|Any CPU.Build.0 = Release|Any CPU
		{6AAD0193-7EBF-4C74-AD15-49941F1D8718}.Debug|Any CPU.ActiveCfg = Debug|Any CPU
		{6AAD0193-7EBF-4C74-AD15-49941F1D8718}.Debug|Any CPU.Build.0 = Debug|Any CPU
		{6AAD0193-7EBF-4C74-AD15-49941F1D8718}.Release|Any CPU.ActiveCfg = Release|Any CPU
		{6AAD0193-7EBF-4C74-AD15-49941F1D8718}.Release|Any CPU.Build.0 = Release|Any CPU
		{7ECC41E0-5EED-4DA2-9050-A54C697F050C}.Debug|Any CPU.ActiveCfg = Debug|Any CPU
		{7ECC41E0-5EED-4DA2-9050-A54C697F050C}.Debug|Any CPU.Build.0 = Debug|Any CPU
		{7ECC41E0-5EED-4DA2-9050-A54C697F050C}.Release|Any CPU.ActiveCfg = Release|Any CPU
		{7ECC41E0-5EED-4DA2-9050-A54C697F050C}.Release|Any CPU.Build.0 = Release|Any CPU
		{12EDCE4E-0BBD-4335-B00F-B03453F6F9D9}.Debug|Any CPU.ActiveCfg = Debug|Any CPU
		{12EDCE4E-0BBD-4335-B00F-B03453F6F9D9}.Debug|Any CPU.Build.0 = Debug|Any CPU
		{12EDCE4E-0BBD-4335-B00F-B03453F6F9D9}.Release|Any CPU.ActiveCfg = Release|Any CPU
		{12EDCE4E-0BBD-4335-B00F-B03453F6F9D9}.Release|Any CPU.Build.0 = Release|Any CPU
		{840C9449-B09B-45D0-99FB-267A04C817CD}.Debug|Any CPU.ActiveCfg = Debug|Any CPU
		{840C9449-B09B-45D0-99FB-267A04C817CD}.Debug|Any CPU.Build.0 = Debug|Any CPU
		{840C9449-B09B-45D0-99FB-267A04C817CD}.Release|Any CPU.ActiveCfg = Release|Any CPU
		{840C9449-B09B-45D0-99FB-267A04C817CD}.Release|Any CPU.Build.0 = Release|Any CPU
	EndGlobalSection
	GlobalSection(SolutionProperties) = preSolution
		HideSolutionNode = FALSE
	EndGlobalSection
	GlobalSection(NestedProjects) = preSolution
		{58909889-027A-4F26-98BB-622C85530664} = {F55E6577-4D53-422B-8EAF-3CA0400970EB}
		{010D9C20-5F50-4E80-93CC-D4F569F5ACDB} = {CABADEA3-9901-4D3B-9911-03EC75F7A977}
		{8D5C634E-44B9-4858-812C-BFD78F584F1A} = {D66A43E9-D642-441F-B5D6-A13773DA88FF}
		{C1BB07B4-B439-4685-8BF0-474F8588C4D2} = {156EE85C-FBA7-4868-8DBA-C3148270E6AE}
		{6AAD0193-7EBF-4C74-AD15-49941F1D8718} = {C1BB07B4-B439-4685-8BF0-474F8588C4D2}
		{6AD2A5C6-F0B3-4A15-9B84-71F6155B7F4F} = {F5B2BCCD-6BF1-4EDE-B96A-AA738A8DE188}
		{7ECC41E0-5EED-4DA2-9050-A54C697F050C} = {6AD2A5C6-F0B3-4A15-9B84-71F6155B7F4F}
		{62B2CC70-77A5-48ED-81B0-26DB9319B99A} = {F5B2BCCD-6BF1-4EDE-B96A-AA738A8DE188}
		{DEFED952-F2BE-4CD8-9AB4-CFEF3EBF3970} = {62B2CC70-77A5-48ED-81B0-26DB9319B99A}
		{12EDCE4E-0BBD-4335-B00F-B03453F6F9D9} = {DEFED952-F2BE-4CD8-9AB4-CFEF3EBF3970}
		{16EC9D40-087D-457F-8D16-1CC693F74019} = {62B2CC70-77A5-48ED-81B0-26DB9319B99A}
		{840C9449-B09B-45D0-99FB-267A04C817CD} = {16EC9D40-087D-457F-8D16-1CC693F74019}
	EndGlobalSection
	GlobalSection(ExtensibilityGlobals) = postSolution
		SolutionGuid = {A9AB451B-6C41-41F5-BD4F-775EC749F10B}
	EndGlobalSection
EndGlobal
